
Microsoft Visual Studio Solution File, Format Version 12.00
# Visual Studio Version 16
VisualStudioVersion = 16.0.30104.148
MinimumVisualStudioVersion = 10.0.40219.1
Project("{FAE04EC0-301F-11D3-BF4B-00C04F79EFBC}") = "GeneticAlgorithm", "GeneticAlgorithm\GeneticAlgorithm.csproj", "{61BCF490-5E81-490D-893F-7A3DF2C2834D}"
EndProject
Project("{FAE04EC0-301F-11D3-BF4B-00C04F79EFBC}") = "consoleTest", "test\consoleTest.csproj", "{FA598170-A163-4B07-BECA-CD9676BF88D1}"
EndProject
Global
	GlobalSection(SolutionConfigurationPlatforms) = preSolution
		Debug|Any CPU = Debug|Any CPU
		Release|Any CPU = Release|Any CPU
	EndGlobalSection
	GlobalSection(ProjectConfigurationPlatforms) = postSolution
		{61BCF490-5E81-490D-893F-7A3DF2C2834D}.Debug|Any CPU.ActiveCfg = Debug|Any CPU
		{61BCF490-5E81-490D-893F-7A3DF2C2834D}.Debug|Any CPU.Build.0 = Debug|Any CPU
		{61BCF490-5E81-490D-893F-7A3DF2C2834D}.Release|Any CPU.ActiveCfg = Release|Any CPU
		{61BCF490-5E81-490D-893F-7A3DF2C2834D}.Release|Any CPU.Build.0 = Release|Any CPU
		{FA598170-A163-4B07-BECA-CD9676BF88D1}.Debug|Any CPU.ActiveCfg = Debug|Any CPU
		{FA598170-A163-4B07-BECA-CD9676BF88D1}.Debug|Any CPU.Build.0 = Debug|Any CPU
		{FA598170-A163-4B07-BECA-CD9676BF88D1}.Release|Any CPU.ActiveCfg = Release|Any CPU
		{FA598170-A163-4B07-BECA-CD9676BF88D1}.Release|Any CPU.Build.0 = Release|Any CPU
	EndGlobalSection
	GlobalSection(SolutionProperties) = preSolution
		HideSolutionNode = FALSE
	EndGlobalSection
	GlobalSection(ExtensibilityGlobals) = postSolution
		SolutionGuid = {32CB16A3-944A-4E40-A24F-58D85F8943F9}
	EndGlobalSection
EndGlobal
